// !$*UTF8*$!
{
	archiveVersion = 1;
	classes = {
	};
	objectVersion = 56;
	objects = {

/* Begin PBXBuildFile section */
		CAD910212C90954D00EF1009 /* AppDelegate.swift in Sources */ = {isa = PBXBuildFile; fileRef = CAD910202C90954D00EF1009 /* AppDelegate.swift */; };
		CAD910232C90954D00EF1009 /* SceneDelegate.swift in Sources */ = {isa = PBXBuildFile; fileRef = CAD910222C90954D00EF1009 /* SceneDelegate.swift */; };
		CAD9102A2C90954F00EF1009 /* Assets.xcassets in Resources */ = {isa = PBXBuildFile; fileRef = CAD910292C90954F00EF1009 /* Assets.xcassets */; };
		CAD9102D2C90954F00EF1009 /* Base in Resources */ = {isa = PBXBuildFile; fileRef = CAD9102C2C90954F00EF1009 /* Base */; };
		CAD9103D2C90AEA400EF1009 /* CityListViewController.swift in Sources */ = {isa = PBXBuildFile; fileRef = CAD9103C2C90AEA400EF1009 /* CityListViewController.swift */; };
		CAD910402C90AF0300EF1009 /* CityListInteractor.swift in Sources */ = {isa = PBXBuildFile; fileRef = CAD9103F2C90AF0300EF1009 /* CityListInteractor.swift */; };
		CAD910432C90AF7A00EF1009 /* CityListPresenter.swift in Sources */ = {isa = PBXBuildFile; fileRef = CAD910422C90AF7A00EF1009 /* CityListPresenter.swift */; };
		CAD910462C90AFC200EF1009 /* CityListRouter.swift in Sources */ = {isa = PBXBuildFile; fileRef = CAD910452C90AFC200EF1009 /* CityListRouter.swift */; };
		CAD9104D2C90CC6D00EF1009 /* CityDetailViewController.swift in Sources */ = {isa = PBXBuildFile; fileRef = CAD9104C2C90CC6D00EF1009 /* CityDetailViewController.swift */; };
		CAD9104F2C90CCA900EF1009 /* CityDetailInteractor.swift in Sources */ = {isa = PBXBuildFile; fileRef = CAD9104E2C90CCA900EF1009 /* CityDetailInteractor.swift */; };
		CAD910512C90CCCA00EF1009 /* CityDetailPresenter.swift in Sources */ = {isa = PBXBuildFile; fileRef = CAD910502C90CCCA00EF1009 /* CityDetailPresenter.swift */; };
		CAD910532C90CCE500EF1009 /* CityDetailRouter.swift in Sources */ = {isa = PBXBuildFile; fileRef = CAD910522C90CCE500EF1009 /* CityDetailRouter.swift */; };
		CAD910CA2C94CDFC00EF1009 /* WeatherAPI.swift in Sources */ = {isa = PBXBuildFile; fileRef = CAD910C92C94CDFC00EF1009 /* WeatherAPI.swift */; };
		CAD910CC2C94CE6700EF1009 /* WeatherResponse.swift in Sources */ = {isa = PBXBuildFile; fileRef = CAD910CB2C94CE6700EF1009 /* WeatherResponse.swift */; };
		CAD910CE2C94CE8500EF1009 /* WeatherForecastResponse.swift in Sources */ = {isa = PBXBuildFile; fileRef = CAD910CD2C94CE8500EF1009 /* WeatherForecastResponse.swift */; };
		CAD910D02C94D46800EF1009 /* CityDetailEntity.swift in Sources */ = {isa = PBXBuildFile; fileRef = CAD910CF2C94D46800EF1009 /* CityDetailEntity.swift */; };
/* End PBXBuildFile section */

/* Begin PBXFileReference section */
		CAD9101D2C90954D00EF1009 /* Present Service Contact ТЗ.app */ = {isa = PBXFileReference; explicitFileType = wrapper.application; includeInIndex = 0; path = "Present Service Contact ТЗ.app"; sourceTree = BUILT_PRODUCTS_DIR; };
		CAD910202C90954D00EF1009 /* AppDelegate.swift */ = {isa = PBXFileReference; lastKnownFileType = sourcecode.swift; path = AppDelegate.swift; sourceTree = "<group>"; };
		CAD910222C90954D00EF1009 /* SceneDelegate.swift */ = {isa = PBXFileReference; lastKnownFileType = sourcecode.swift; path = SceneDelegate.swift; sourceTree = "<group>"; };
		CAD910292C90954F00EF1009 /* Assets.xcassets */ = {isa = PBXFileReference; lastKnownFileType = folder.assetcatalog; path = Assets.xcassets; sourceTree = "<group>"; };
		CAD9102C2C90954F00EF1009 /* Base */ = {isa = PBXFileReference; lastKnownFileType = file.storyboard; name = Base; path = Base.lproj/LaunchScreen.storyboard; sourceTree = "<group>"; };
		CAD9102E2C90954F00EF1009 /* Info.plist */ = {isa = PBXFileReference; lastKnownFileType = text.plist.xml; path = Info.plist; sourceTree = "<group>"; };
		CAD9103C2C90AEA400EF1009 /* CityListViewController.swift */ = {isa = PBXFileReference; lastKnownFileType = sourcecode.swift; path = CityListViewController.swift; sourceTree = "<group>"; };
		CAD9103F2C90AF0300EF1009 /* CityListInteractor.swift */ = {isa = PBXFileReference; lastKnownFileType = sourcecode.swift; path = CityListInteractor.swift; sourceTree = "<group>"; };
		CAD910422C90AF7A00EF1009 /* CityListPresenter.swift */ = {isa = PBXFileReference; lastKnownFileType = sourcecode.swift; path = CityListPresenter.swift; sourceTree = "<group>"; };
		CAD910452C90AFC200EF1009 /* CityListRouter.swift */ = {isa = PBXFileReference; lastKnownFileType = sourcecode.swift; path = CityListRouter.swift; sourceTree = "<group>"; };
		CAD9104C2C90CC6D00EF1009 /* CityDetailViewController.swift */ = {isa = PBXFileReference; lastKnownFileType = sourcecode.swift; path = CityDetailViewController.swift; sourceTree = "<group>"; };
		CAD9104E2C90CCA900EF1009 /* CityDetailInteractor.swift */ = {isa = PBXFileReference; lastKnownFileType = sourcecode.swift; path = CityDetailInteractor.swift; sourceTree = "<group>"; };
		CAD910502C90CCCA00EF1009 /* CityDetailPresenter.swift */ = {isa = PBXFileReference; lastKnownFileType = sourcecode.swift; path = CityDetailPresenter.swift; sourceTree = "<group>"; };
		CAD910522C90CCE500EF1009 /* CityDetailRouter.swift */ = {isa = PBXFileReference; lastKnownFileType = sourcecode.swift; path = CityDetailRouter.swift; sourceTree = "<group>"; };
		CAD910C92C94CDFC00EF1009 /* WeatherAPI.swift */ = {isa = PBXFileReference; lastKnownFileType = sourcecode.swift; path = WeatherAPI.swift; sourceTree = "<group>"; };
		CAD910CB2C94CE6700EF1009 /* WeatherResponse.swift */ = {isa = PBXFileReference; lastKnownFileType = sourcecode.swift; path = WeatherResponse.swift; sourceTree = "<group>"; };
		CAD910CD2C94CE8500EF1009 /* WeatherForecastResponse.swift */ = {isa = PBXFileReference; lastKnownFileType = sourcecode.swift; path = WeatherForecastResponse.swift; sourceTree = "<group>"; };
		CAD910CF2C94D46800EF1009 /* CityDetailEntity.swift */ = {isa = PBXFileReference; lastKnownFileType = sourcecode.swift; path = CityDetailEntity.swift; sourceTree = "<group>"; };
/* End PBXFileReference section */

/* Begin PBXFrameworksBuildPhase section */
		CAD9101A2C90954D00EF1009 /* Frameworks */ = {
			isa = PBXFrameworksBuildPhase;
			buildActionMask = 2147483647;
			files = (
			);
			runOnlyForDeploymentPostprocessing = 0;
		};
/* End PBXFrameworksBuildPhase section */

/* Begin PBXGroup section */
		CAD910142C90954D00EF1009 = {
			isa = PBXGroup;
			children = (
				CAD9101F2C90954D00EF1009 /* Present Service Contact ТЗ */,
				CAD9101E2C90954D00EF1009 /* Products */,
			);
			sourceTree = "<group>";
		};
		CAD9101E2C90954D00EF1009 /* Products */ = {
			isa = PBXGroup;
			children = (
				CAD9101D2C90954D00EF1009 /* Present Service Contact ТЗ.app */,
			);
			name = Products;
			sourceTree = "<group>";
		};
		CAD9101F2C90954D00EF1009 /* Present Service Contact ТЗ */ = {
			isa = PBXGroup;
			children = (
				CAD910BA2C91B4DD00EF1009 /* Modules */,
				CAD910C22C94AFE300EF1009 /* Network */,
				CAD910492C90C99400EF1009 /* Application */,
				CAD9102E2C90954F00EF1009 /* Info.plist */,
			);
			path = "Present Service Contact ТЗ";
			sourceTree = "<group>";
		};
		CAD910492C90C99400EF1009 /* Application */ = {
			isa = PBXGroup;
			children = (
				CAD9102B2C90954F00EF1009 /* LaunchScreen.storyboard */,
				CAD910292C90954F00EF1009 /* Assets.xcassets */,
				CAD910222C90954D00EF1009 /* SceneDelegate.swift */,
				CAD910202C90954D00EF1009 /* AppDelegate.swift */,
			);
			path = Application;
			sourceTree = "<group>";
		};
		CAD910BA2C91B4DD00EF1009 /* Modules */ = {
			isa = PBXGroup;
			children = (
				CAD910BC2C91B53500EF1009 /* CityDetails */,
				CAD910BB2C91B4EA00EF1009 /* CitiesList */,
			);
			path = Modules;
			sourceTree = "<group>";
		};
		CAD910BB2C91B4EA00EF1009 /* CitiesList */ = {
			isa = PBXGroup;
			children = (
				CAD910452C90AFC200EF1009 /* CityListRouter.swift */,
				CAD910422C90AF7A00EF1009 /* CityListPresenter.swift */,
				CAD9103F2C90AF0300EF1009 /* CityListInteractor.swift */,
				CAD9103C2C90AEA400EF1009 /* CityListViewController.swift */,
			);
			path = CitiesList;
			sourceTree = "<group>";
		};
		CAD910BC2C91B53500EF1009 /* CityDetails */ = {
			isa = PBXGroup;
			children = (
				CAD910522C90CCE500EF1009 /* CityDetailRouter.swift */,
				CAD910502C90CCCA00EF1009 /* CityDetailPresenter.swift */,
				CAD9104E2C90CCA900EF1009 /* CityDetailInteractor.swift */,
				CAD9104C2C90CC6D00EF1009 /* CityDetailViewController.swift */,
				CAD910CF2C94D46800EF1009 /* CityDetailEntity.swift */,
			);
			path = CityDetails;
			sourceTree = "<group>";
		};
		CAD910C22C94AFE300EF1009 /* Network */ = {
			isa = PBXGroup;
			children = (
				CAD910C92C94CDFC00EF1009 /* WeatherAPI.swift */,
				CAD910CB2C94CE6700EF1009 /* WeatherResponse.swift */,
				CAD910CD2C94CE8500EF1009 /* WeatherForecastResponse.swift */,
			);
			path = Network;
			sourceTree = "<group>";
		};
/* End PBXGroup section */

/* Begin PBXNativeTarget section */
		CAD9101C2C90954D00EF1009 /* Present Service Contact ТЗ */ = {
			isa = PBXNativeTarget;
			buildConfigurationList = CAD910312C90954F00EF1009 /* Build configuration list for PBXNativeTarget "Present Service Contact ТЗ" */;
			buildPhases = (
				CAD910192C90954D00EF1009 /* Sources */,
				CAD9101A2C90954D00EF1009 /* Frameworks */,
				CAD9101B2C90954D00EF1009 /* Resources */,
			);
			buildRules = (
			);
			dependencies = (
			);
			name = "Present Service Contact ТЗ";
			productName = "Present Service Contact ТЗ";
			productReference = CAD9101D2C90954D00EF1009 /* Present Service Contact ТЗ.app */;
			productType = "com.apple.product-type.application";
		};
/* End PBXNativeTarget section */

/* Begin PBXProject section */
		CAD910152C90954D00EF1009 /* Project object */ = {
			isa = PBXProject;
			attributes = {
				BuildIndependentTargetsInParallel = 1;
				LastSwiftUpdateCheck = 1540;
				LastUpgradeCheck = 1540;
				TargetAttributes = {
					CAD9101C2C90954D00EF1009 = {
						CreatedOnToolsVersion = 15.4;
					};
				};
			};
			buildConfigurationList = CAD910182C90954D00EF1009 /* Build configuration list for PBXProject "Present Service Contact ТЗ" */;
			compatibilityVersion = "Xcode 14.0";
			developmentRegion = en;
			hasScannedForEncodings = 0;
			knownRegions = (
				en,
				Base,
			);
			mainGroup = CAD910142C90954D00EF1009;
			productRefGroup = CAD9101E2C90954D00EF1009 /* Products */;
			projectDirPath = "";
			projectRoot = "";
			targets = (
				CAD9101C2C90954D00EF1009 /* Present Service Contact ТЗ */,
			);
		};
/* End PBXProject section */

/* Begin PBXResourcesBuildPhase section */
		CAD9101B2C90954D00EF1009 /* Resources */ = {
			isa = PBXResourcesBuildPhase;
			buildActionMask = 2147483647;
			files = (
				CAD9102A2C90954F00EF1009 /* Assets.xcassets in Resources */,
				CAD9102D2C90954F00EF1009 /* Base in Resources */,
			);
			runOnlyForDeploymentPostprocessing = 0;
		};
/* End PBXResourcesBuildPhase section */

/* Begin PBXSourcesBuildPhase section */
		CAD910192C90954D00EF1009 /* Sources */ = {
			isa = PBXSourcesBuildPhase;
			buildActionMask = 2147483647;
			files = (
				CAD910512C90CCCA00EF1009 /* CityDetailPresenter.swift in Sources */,
				CAD910CA2C94CDFC00EF1009 /* WeatherAPI.swift in Sources */,
				CAD910432C90AF7A00EF1009 /* CityListPresenter.swift in Sources */,
				CAD910CC2C94CE6700EF1009 /* WeatherResponse.swift in Sources */,
				CAD9103D2C90AEA400EF1009 /* CityListViewController.swift in Sources */,
				CAD910402C90AF0300EF1009 /* CityListInteractor.swift in Sources */,
				CAD9104F2C90CCA900EF1009 /* CityDetailInteractor.swift in Sources */,
				CAD910462C90AFC200EF1009 /* CityListRouter.swift in Sources */,
				CAD9104D2C90CC6D00EF1009 /* CityDetailViewController.swift in Sources */,
				CAD910D02C94D46800EF1009 /* CityDetailEntity.swift in Sources */,
				CAD910212C90954D00EF1009 /* AppDelegate.swift in Sources */,
				CAD910532C90CCE500EF1009 /* CityDetailRouter.swift in Sources */,
				CAD910CE2C94CE8500EF1009 /* WeatherForecastResponse.swift in Sources */,
				CAD910232C90954D00EF1009 /* SceneDelegate.swift in Sources */,
			);
			runOnlyForDeploymentPostprocessing = 0;
		};
/* End PBXSourcesBuildPhase section */

/* Begin PBXVariantGroup section */
		CAD9102B2C90954F00EF1009 /* LaunchScreen.storyboard */ = {
			isa = PBXVariantGroup;
			children = (
				CAD9102C2C90954F00EF1009 /* Base */,
			);
			name = LaunchScreen.storyboard;
			sourceTree = "<group>";
		};
/* End PBXVariantGroup section */

/* Begin XCBuildConfiguration section */
		CAD9102F2C90954F00EF1009 /* Debug */ = {
			isa = XCBuildConfiguration;
			buildSettings = {
				ALWAYS_SEARCH_USER_PATHS = NO;
				ASSETCATALOG_COMPILER_GENERATE_SWIFT_ASSET_SYMBOL_EXTENSIONS = YES;
				CLANG_ANALYZER_NONNULL = YES;
				CLANG_ANALYZER_NUMBER_OBJECT_CONVERSION = YES_AGGRESSIVE;
				CLANG_CXX_LANGUAGE_STANDARD = "gnu++20";
				CLANG_ENABLE_MODULES = YES;
				CLANG_ENABLE_OBJC_ARC = YES;
				CLANG_ENABLE_OBJC_WEAK = YES;
				CLANG_WARN_BLOCK_CAPTURE_AUTORELEASING = YES;
				CLANG_WARN_BOOL_CONVERSION = YES;
				CLANG_WARN_COMMA = YES;
				CLANG_WARN_CONSTANT_CONVERSION = YES;
				CLANG_WARN_DEPRECATED_OBJC_IMPLEMENTATIONS = YES;
				CLANG_WARN_DIRECT_OBJC_ISA_USAGE = YES_ERROR;
				CLANG_WARN_DOCUMENTATION_COMMENTS = YES;
				CLANG_WARN_EMPTY_BODY = YES;
				CLANG_WARN_ENUM_CONVERSION = YES;
				CLANG_WARN_INFINITE_RECURSION = YES;
				CLANG_WARN_INT_CONVERSION = YES;
				CLANG_WARN_NON_LITERAL_NULL_CONVERSION = YES;
				CLANG_WARN_OBJC_IMPLICIT_RETAIN_SELF = YES;
				CLANG_WARN_OBJC_LITERAL_CONVERSION = YES;
				CLANG_WARN_OBJC_ROOT_CLASS = YES_ERROR;
				CLANG_WARN_QUOTED_INCLUDE_IN_FRAMEWORK_HEADER = YES;
				CLANG_WARN_RANGE_LOOP_ANALYSIS = YES;
				CLANG_WARN_STRICT_PROTOTYPES = YES;
				CLANG_WARN_SUSPICIOUS_MOVE = YES;
				CLANG_WARN_UNGUARDED_AVAILABILITY = YES_AGGRESSIVE;
				CLANG_WARN_UNREACHABLE_CODE = YES;
				CLANG_WARN__DUPLICATE_METHOD_MATCH = YES;
				COPY_PHASE_STRIP = NO;
				DEBUG_INFORMATION_FORMAT = dwarf;
				ENABLE_STRICT_OBJC_MSGSEND = YES;
				ENABLE_TESTABILITY = YES;
				ENABLE_USER_SCRIPT_SANDBOXING = YES;
				GCC_C_LANGUAGE_STANDARD = gnu17;
				GCC_DYNAMIC_NO_PIC = NO;
				GCC_NO_COMMON_BLOCKS = YES;
				GCC_OPTIMIZATION_LEVEL = 0;
				GCC_PREPROCESSOR_DEFINITIONS = (
					"DEBUG=1",
					"$(inherited)",
				);
				GCC_WARN_64_TO_32_BIT_CONVERSION = YES;
				GCC_WARN_ABOUT_RETURN_TYPE = YES_ERROR;
				GCC_WARN_UNDECLARED_SELECTOR = YES;
				GCC_WARN_UNINITIALIZED_AUTOS = YES_AGGRESSIVE;
				GCC_WARN_UNUSED_FUNCTION = YES;
				GCC_WARN_UNUSED_VARIABLE = YES;
				IPHONEOS_DEPLOYMENT_TARGET = 14.0;
				LOCALIZATION_PREFERS_STRING_CATALOGS = YES;
				MTL_ENABLE_DEBUG_INFO = INCLUDE_SOURCE;
				MTL_FAST_MATH = YES;
				ONLY_ACTIVE_ARCH = YES;
				SDKROOT = iphoneos;
				SWIFT_ACTIVE_COMPILATION_CONDITIONS = "DEBUG $(inherited)";
				SWIFT_OPTIMIZATION_LEVEL = "-Onone";
			};
			name = Debug;
		};
		CAD910302C90954F00EF1009 /* Release */ = {
			isa = XCBuildConfiguration;
			buildSettings = {
				ALWAYS_SEARCH_USER_PATHS = NO;
				ASSETCATALOG_COMPILER_GENERATE_SWIFT_ASSET_SYMBOL_EXTENSIONS = YES;
				CLANG_ANALYZER_NONNULL = YES;
				CLANG_ANALYZER_NUMBER_OBJECT_CONVERSION = YES_AGGRESSIVE;
				CLANG_CXX_LANGUAGE_STANDARD = "gnu++20";
				CLANG_ENABLE_MODULES = YES;
				CLANG_ENABLE_OBJC_ARC = YES;
				CLANG_ENABLE_OBJC_WEAK = YES;
				CLANG_WARN_BLOCK_CAPTURE_AUTORELEASING = YES;
				CLANG_WARN_BOOL_CONVERSION = YES;
				CLANG_WARN_COMMA = YES;
				CLANG_WARN_CONSTANT_CONVERSION = YES;
				CLANG_WARN_DEPRECATED_OBJC_IMPLEMENTATIONS = YES;
				CLANG_WARN_DIRECT_OBJC_ISA_USAGE = YES_ERROR;
				CLANG_WARN_DOCUMENTATION_COMMENTS = YES;
				CLANG_WARN_EMPTY_BODY = YES;
				CLANG_WARN_ENUM_CONVERSION = YES;
				CLANG_WARN_INFINITE_RECURSION = YES;
				CLANG_WARN_INT_CONVERSION = YES;
				CLANG_WARN_NON_LITERAL_NULL_CONVERSION = YES;
				CLANG_WARN_OBJC_IMPLICIT_RETAIN_SELF = YES;
				CLANG_WARN_OBJC_LITERAL_CONVERSION = YES;
				CLANG_WARN_OBJC_ROOT_CLASS = YES_ERROR;
				CLANG_WARN_QUOTED_INCLUDE_IN_FRAMEWORK_HEADER = YES;
				CLANG_WARN_RANGE_LOOP_ANALYSIS = YES;
				CLANG_WARN_STRICT_PROTOTYPES = YES;
				CLANG_WARN_SUSPICIOUS_MOVE = YES;
				CLANG_WARN_UNGUARDED_AVAILABILITY = YES_AGGRESSIVE;
				CLANG_WARN_UNREACHABLE_CODE = YES;
				CLANG_WARN__DUPLICATE_METHOD_MATCH = YES;
				COPY_PHASE_STRIP = NO;
				DEBUG_INFORMATION_FORMAT = "dwarf-with-dsym";
				ENABLE_NS_ASSERTIONS = NO;
				ENABLE_STRICT_OBJC_MSGSEND = YES;
				ENABLE_USER_SCRIPT_SANDBOXING = YES;
				GCC_C_LANGUAGE_STANDARD = gnu17;
				GCC_NO_COMMON_BLOCKS = YES;
				GCC_WARN_64_TO_32_BIT_CONVERSION = YES;
				GCC_WARN_ABOUT_RETURN_TYPE = YES_ERROR;
				GCC_WARN_UNDECLARED_SELECTOR = YES;
				GCC_WARN_UNINITIALIZED_AUTOS = YES_AGGRESSIVE;
				GCC_WARN_UNUSED_FUNCTION = YES;
				GCC_WARN_UNUSED_VARIABLE = YES;
				IPHONEOS_DEPLOYMENT_TARGET = 14.0;
				LOCALIZATION_PREFERS_STRING_CATALOGS = YES;
				MTL_ENABLE_DEBUG_INFO = NO;
				MTL_FAST_MATH = YES;
				SDKROOT = iphoneos;
				SWIFT_COMPILATION_MODE = wholemodule;
				VALIDATE_PRODUCT = YES;
			};
			name = Release;
		};
		CAD910322C90954F00EF1009 /* Debug */ = {
			isa = XCBuildConfiguration;
			buildSettings = {
				ASSETCATALOG_COMPILER_APPICON_NAME = AppIcon;
				ASSETCATALOG_COMPILER_GLOBAL_ACCENT_COLOR_NAME = AccentColor;
				CODE_SIGN_STYLE = Automatic;
				CURRENT_PROJECT_VERSION = 1;
				DEVELOPMENT_TEAM = LKCXB3W5BN;
				GENERATE_INFOPLIST_FILE = YES;
				INFOPLIST_FILE = "Present Service Contact ТЗ/Info.plist";
				INFOPLIST_KEY_UIApplicationSupportsIndirectInputEvents = YES;
				INFOPLIST_KEY_UILaunchStoryboardName = LaunchScreen;
				INFOPLIST_KEY_UIMainStoryboardFile = Main;
				INFOPLIST_KEY_UISupportedInterfaceOrientations_iPad = "UIInterfaceOrientationPortrait UIInterfaceOrientationPortraitUpsideDown UIInterfaceOrientationLandscapeLeft UIInterfaceOrientationLandscapeRight";
				INFOPLIST_KEY_UISupportedInterfaceOrientations_iPhone = "UIInterfaceOrientationPortrait UIInterfaceOrientationLandscapeLeft UIInterfaceOrientationLandscapeRight";
				IPHONEOS_DEPLOYMENT_TARGET = 14.0;
				LD_RUNPATH_SEARCH_PATHS = (
					"$(inherited)",
					"@executable_path/Frameworks",
				);
				MARKETING_VERSION = 1.0;
				PRODUCT_BUNDLE_IDENTIFIER = "Pavel-Krigin.Present-Service-Contact---";
				PRODUCT_NAME = "$(TARGET_NAME)";
				SUPPORTED_PLATFORMS = "iphoneos iphonesimulator";
				SUPPORTS_MACCATALYST = NO;
				SUPPORTS_MAC_DESIGNED_FOR_IPHONE_IPAD = NO;
				SUPPORTS_XR_DESIGNED_FOR_IPHONE_IPAD = NO;
				SWIFT_EMIT_LOC_STRINGS = YES;
				SWIFT_VERSION = 5.0;
				TARGETED_DEVICE_FAMILY = "1,2";
			};
			name = Debug;
		};
		CAD910332C90954F00EF1009 /* Release */ = {
			isa = XCBuildConfiguration;
			buildSettings = {
				ASSETCATALOG_COMPILER_APPICON_NAME = AppIcon;
				ASSETCATALOG_COMPILER_GLOBAL_ACCENT_COLOR_NAME = AccentColor;
				CODE_SIGN_STYLE = Automatic;
				CURRENT_PROJECT_VERSION = 1;
				DEVELOPMENT_TEAM = LKCXB3W5BN;
				GENERATE_INFOPLIST_FILE = YES;
				INFOPLIST_FILE = "Present Service Contact ТЗ/Info.plist";
				INFOPLIST_KEY_UIApplicationSupportsIndirectInputEvents = YES;
				INFOPLIST_KEY_UILaunchStoryboardName = LaunchScreen;
				INFOPLIST_KEY_UIMainStoryboardFile = Main;
				INFOPLIST_KEY_UISupportedInterfaceOrientations_iPad = "UIInterfaceOrientationPortrait UIInterfaceOrientationPortraitUpsideDown UIInterfaceOrientationLandscapeLeft UIInterfaceOrientationLandscapeRight";
				INFOPLIST_KEY_UISupportedInterfaceOrientations_iPhone = "UIInterfaceOrientationPortrait UIInterfaceOrientationLandscapeLeft UIInterfaceOrientationLandscapeRight";
				IPHONEOS_DEPLOYMENT_TARGET = 14.0;
				LD_RUNPATH_SEARCH_PATHS = (
					"$(inherited)",
					"@executable_path/Frameworks",
				);
				MARKETING_VERSION = 1.0;
				PRODUCT_BUNDLE_IDENTIFIER = "Pavel-Krigin.Present-Service-Contact---";
				PRODUCT_NAME = "$(TARGET_NAME)";
				SUPPORTED_PLATFORMS = "iphoneos iphonesimulator";
				SUPPORTS_MACCATALYST = NO;
				SUPPORTS_MAC_DESIGNED_FOR_IPHONE_IPAD = NO;
				SUPPORTS_XR_DESIGNED_FOR_IPHONE_IPAD = NO;
				SWIFT_EMIT_LOC_STRINGS = YES;
				SWIFT_VERSION = 5.0;
				TARGETED_DEVICE_FAMILY = "1,2";
			};
			name = Release;
		};
/* End XCBuildConfiguration section */

/* Begin XCConfigurationList section */
		CAD910182C90954D00EF1009 /* Build configuration list for PBXProject "Present Service Contact ТЗ" */ = {
			isa = XCConfigurationList;
			buildConfigurations = (
				CAD9102F2C90954F00EF1009 /* Debug */,
				CAD910302C90954F00EF1009 /* Release */,
			);
			defaultConfigurationIsVisible = 0;
			defaultConfigurationName = Release;
		};
		CAD910312C90954F00EF1009 /* Build configuration list for PBXNativeTarget "Present Service Contact ТЗ" */ = {
			isa = XCConfigurationList;
			buildConfigurations = (
				CAD910322C90954F00EF1009 /* Debug */,
				CAD910332C90954F00EF1009 /* Release */,
			);
			defaultConfigurationIsVisible = 0;
			defaultConfigurationName = Release;
		};
/* End XCConfigurationList section */
	};
	rootObject = CAD910152C90954D00EF1009 /* Project object */;
}
